
Microsoft Visual Studio Solution File, Format Version 12.00
# Visual Studio Version 16
VisualStudioVersion = 16.0.33423.256
MinimumVisualStudioVersion = 10.0.40219.1
Project("{FAE04EC0-301F-11D3-BF4B-00C04F79EFBC}") = "UAMS", "UAMS.csproj", "{DD825C6A-0D24-4310-88E0-E3243D030522}"
EndProject
Global
	GlobalSection(SolutionConfigurationPlatforms) = preSolution
		Debug|Any CPU = Debug|Any CPU
		Release|Any CPU = Release|Any CPU
	EndGlobalSection
	GlobalSection(ProjectConfigurationPlatforms) = postSolution
		{DD825C6A-0D24-4310-88E0-E3243D030522}.Debug|Any CPU.ActiveCfg = Debug|Any CPU
		{DD825C6A-0D24-4310-88E0-E3243D030522}.Debug|Any CPU.Build.0 = Debug|Any CPU
		{DD825C6A-0D24-4310-88E0-E3243D030522}.Release|Any CPU.ActiveCfg = Release|Any CPU
		{DD825C6A-0D24-4310-88E0-E3243D030522}.Release|Any CPU.Build.0 = Release|Any CPU
	EndGlobalSection
	GlobalSection(SolutionProperties) = preSolution
		HideSolutionNode = FALSE
	EndGlobalSection
	GlobalSection(ExtensibilityGlobals) = postSolution
		SolutionGuid = {BC150AF2-2F8D-4A70-835D-FBCB46BF70DB}
	EndGlobalSection
EndGlobal
