
Microsoft Visual Studio Solution File, Format Version 12.00
# Visual Studio Version 16
VisualStudioVersion = 16.0.33423.256
MinimumVisualStudioVersion = 10.0.40219.1
Project("{FAE04EC0-301F-11D3-BF4B-00C04F79EFBC}") = "Task(a,b)", "Task(a,b).csproj", "{EFEE49E4-C986-4166-BACE-39530F533410}"
EndProject
Global
	GlobalSection(SolutionConfigurationPlatforms) = preSolution
		Debug|Any CPU = Debug|Any CPU
		Release|Any CPU = Release|Any CPU
	EndGlobalSection
	GlobalSection(ProjectConfigurationPlatforms) = postSolution
		{EFEE49E4-C986-4166-BACE-39530F533410}.Debug|Any CPU.ActiveCfg = Debug|Any CPU
		{EFEE49E4-C986-4166-BACE-39530F533410}.Debug|Any CPU.Build.0 = Debug|Any CPU
		{EFEE49E4-C986-4166-BACE-39530F533410}.Release|Any CPU.ActiveCfg = Release|Any CPU
		{EFEE49E4-C986-4166-BACE-39530F533410}.Release|Any CPU.Build.0 = Release|Any CPU
	EndGlobalSection
	GlobalSection(SolutionProperties) = preSolution
		HideSolutionNode = FALSE
	EndGlobalSection
	GlobalSection(ExtensibilityGlobals) = postSolution
		SolutionGuid = {92BA3FB3-95D9-48AF-BD5C-C5F818BB375C}
	EndGlobalSection
EndGlobal
