
Microsoft Visual Studio Solution File, Format Version 12.00
# Visual Studio Version 16
VisualStudioVersion = 16.0.33423.256
MinimumVisualStudioVersion = 10.0.40219.1
Project("{FAE04EC0-301F-11D3-BF4B-00C04F79EFBC}") = "challenge1", "challenge1.csproj", "{F761197B-0D48-42B1-BC95-7E99C6052FE1}"
EndProject
Global
	GlobalSection(SolutionConfigurationPlatforms) = preSolution
		Debug|Any CPU = Debug|Any CPU
		Release|Any CPU = Release|Any CPU
	EndGlobalSection
	GlobalSection(ProjectConfigurationPlatforms) = postSolution
		{F761197B-0D48-42B1-BC95-7E99C6052FE1}.Debug|Any CPU.ActiveCfg = Debug|Any CPU
		{F761197B-0D48-42B1-BC95-7E99C6052FE1}.Debug|Any CPU.Build.0 = Debug|Any CPU
		{F761197B-0D48-42B1-BC95-7E99C6052FE1}.Release|Any CPU.ActiveCfg = Release|Any CPU
		{F761197B-0D48-42B1-BC95-7E99C6052FE1}.Release|Any CPU.Build.0 = Release|Any CPU
	EndGlobalSection
	GlobalSection(SolutionProperties) = preSolution
		HideSolutionNode = FALSE
	EndGlobalSection
	GlobalSection(ExtensibilityGlobals) = postSolution
		SolutionGuid = {4B52FC05-4632-418E-96BB-F307DE1C6E48}
	EndGlobalSection
EndGlobal
