
Microsoft Visual Studio Solution File, Format Version 12.00
# Visual Studio Version 16
VisualStudioVersion = 16.0.33423.256
MinimumVisualStudioVersion = 10.0.40219.1
Project("{FAE04EC0-301F-11D3-BF4B-00C04F79EFBC}") = "challenge1", "challenge1.csproj", "{B0AC9FA0-3340-4A9F-A103-F238B6F1DC8E}"
EndProject
Global
	GlobalSection(SolutionConfigurationPlatforms) = preSolution
		Debug|Any CPU = Debug|Any CPU
		Release|Any CPU = Release|Any CPU
	EndGlobalSection
	GlobalSection(ProjectConfigurationPlatforms) = postSolution
		{B0AC9FA0-3340-4A9F-A103-F238B6F1DC8E}.Debug|Any CPU.ActiveCfg = Debug|Any CPU
		{B0AC9FA0-3340-4A9F-A103-F238B6F1DC8E}.Debug|Any CPU.Build.0 = Debug|Any CPU
		{B0AC9FA0-3340-4A9F-A103-F238B6F1DC8E}.Release|Any CPU.ActiveCfg = Release|Any CPU
		{B0AC9FA0-3340-4A9F-A103-F238B6F1DC8E}.Release|Any CPU.Build.0 = Release|Any CPU
	EndGlobalSection
	GlobalSection(SolutionProperties) = preSolution
		HideSolutionNode = FALSE
	EndGlobalSection
	GlobalSection(ExtensibilityGlobals) = postSolution
		SolutionGuid = {F6F062A8-A8AD-4B35-B3D2-30471DCE1F73}
	EndGlobalSection
EndGlobal
