
Microsoft Visual Studio Solution File, Format Version 12.00
# Visual Studio Version 16
VisualStudioVersion = 16.0.33423.256
MinimumVisualStudioVersion = 10.0.40219.1
Project("{FAE04EC0-301F-11D3-BF4B-00C04F79EFBC}") = "UAMS(MCLASSES)", "UAMS(MCLASSES).csproj", "{F12BE543-BEF9-4BC0-9A02-B6FAC1CD2466}"
EndProject
Global
	GlobalSection(SolutionConfigurationPlatforms) = preSolution
		Debug|Any CPU = Debug|Any CPU
		Release|Any CPU = Release|Any CPU
	EndGlobalSection
	GlobalSection(ProjectConfigurationPlatforms) = postSolution
		{F12BE543-BEF9-4BC0-9A02-B6FAC1CD2466}.Debug|Any CPU.ActiveCfg = Debug|Any CPU
		{F12BE543-BEF9-4BC0-9A02-B6FAC1CD2466}.Debug|Any CPU.Build.0 = Debug|Any CPU
		{F12BE543-BEF9-4BC0-9A02-B6FAC1CD2466}.Release|Any CPU.ActiveCfg = Release|Any CPU
		{F12BE543-BEF9-4BC0-9A02-B6FAC1CD2466}.Release|Any CPU.Build.0 = Release|Any CPU
	EndGlobalSection
	GlobalSection(SolutionProperties) = preSolution
		HideSolutionNode = FALSE
	EndGlobalSection
	GlobalSection(ExtensibilityGlobals) = postSolution
		SolutionGuid = {2473B282-8684-4E65-BC28-DC57E4B5D899}
	EndGlobalSection
EndGlobal
